Microsoft Visual Studio Solution File, Format Version 11.00
# Visual Studio 2008

Project("{735AC618-5EE8-29AE-F3D1-E045EEDBFA85}") = "Ariadne", "Assembly-CSharp.csproj", "{5F77198F-FD80-95B3-E988-DD05C205A9F5}"
EndProject
Project("{735AC618-5EE8-29AE-F3D1-E045EEDBFA85}") = "Ariadne", "Assembly-CSharp-Editor.csproj", "{9DD53ECE-E542-AD62-C843-0D01BFAE4BBE}"
EndProject
Global
	GlobalSection(SolutionConfigurationPlatforms) = preSolution
		Debug|Any CPU = Debug|Any CPU
		Release|Any CPU = Release|Any CPU
	EndGlobalSection
	GlobalSection(ProjectConfigurationPlatforms) = postSolution
		{5F77198F-FD80-95B3-E988-DD05C205A9F5}.Debug|Any CPU.ActiveCfg = Debug|Any CPU
		{5F77198F-FD80-95B3-E988-DD05C205A9F5}.Debug|Any CPU.Build.0 = Debug|Any CPU
		{5F77198F-FD80-95B3-E988-DD05C205A9F5}.Release|Any CPU.ActiveCfg = Release|Any CPU
		{5F77198F-FD80-95B3-E988-DD05C205A9F5}.Release|Any CPU.Build.0 = Release|Any CPU
		{9DD53ECE-E542-AD62-C843-0D01BFAE4BBE}.Debug|Any CPU.ActiveCfg = Debug|Any CPU
		{9DD53ECE-E542-AD62-C843-0D01BFAE4BBE}.Debug|Any CPU.Build.0 = Debug|Any CPU
		{9DD53ECE-E542-AD62-C843-0D01BFAE4BBE}.Release|Any CPU.ActiveCfg = Release|Any CPU
		{9DD53ECE-E542-AD62-C843-0D01BFAE4BBE}.Release|Any CPU.Build.0 = Release|Any CPU
	EndGlobalSection
	GlobalSection(SolutionProperties) = preSolution
		HideSolutionNode = FALSE
	EndGlobalSection
	GlobalSection(MonoDevelopProperties) = preSolution
		StartupItem = Assembly-CSharp.csproj
	EndGlobalSection
EndGlobal
